
Microsoft Visual Studio Solution File, Format Version 12.00
# Visual Studio 15
VisualStudioVersion = 15.0.27703.2035
MinimumVisualStudioVersion = 10.0.40219.1
Project("{9A19103F-16F7-4668-BE54-9A1E7A4F7556}") = "WebApi", "WebApi\WebApi.csproj", "{9F3F686A-613B-4FF4-8CB1-FD8D23BCF172}"
EndProject
Project("{9A19103F-16F7-4668-BE54-9A1E7A4F7556}") = "Infrastructure", "Infrastructure\Infrastructure.csproj", "{B3232605-8D10-471D-8A7B-111018FED984}"
EndProject
Project("{9A19103F-16F7-4668-BE54-9A1E7A4F7556}") = "Services", "Services\Services.csproj", "{22D50D5C-4960-4D20-993E-3B78719E18A2}"
EndProject
Project("{9A19103F-16F7-4668-BE54-9A1E7A4F7556}") = "Core", "Core\Core.csproj", "{B08F0AE6-8C8F-414A-A226-3C2B3A655236}"
EndProject
Global
	GlobalSection(SolutionConfigurationPlatforms) = preSolution
		Debug|Any CPU = Debug|Any CPU
		Release|Any CPU = Release|Any CPU
	EndGlobalSection
	GlobalSection(ProjectConfigurationPlatforms) = postSolution
		{9F3F686A-613B-4FF4-8CB1-FD8D23BCF172}.Debug|Any CPU.ActiveCfg = Debug|Any CPU
		{9F3F686A-613B-4FF4-8CB1-FD8D23BCF172}.Debug|Any CPU.Build.0 = Debug|Any CPU
		{9F3F686A-613B-4FF4-8CB1-FD8D23BCF172}.Release|Any CPU.ActiveCfg = Release|Any CPU
		{9F3F686A-613B-4FF4-8CB1-FD8D23BCF172}.Release|Any CPU.Build.0 = Release|Any CPU
		{B3232605-8D10-471D-8A7B-111018FED984}.Debug|Any CPU.ActiveCfg = Debug|Any CPU
		{B3232605-8D10-471D-8A7B-111018FED984}.Debug|Any CPU.Build.0 = Debug|Any CPU
		{B3232605-8D10-471D-8A7B-111018FED984}.Release|Any CPU.ActiveCfg = Release|Any CPU
		{B3232605-8D10-471D-8A7B-111018FED984}.Release|Any CPU.Build.0 = Release|Any CPU
		{22D50D5C-4960-4D20-993E-3B78719E18A2}.Debug|Any CPU.ActiveCfg = Debug|Any CPU
		{22D50D5C-4960-4D20-993E-3B78719E18A2}.Debug|Any CPU.Build.0 = Debug|Any CPU
		{22D50D5C-4960-4D20-993E-3B78719E18A2}.Release|Any CPU.ActiveCfg = Release|Any CPU
		{22D50D5C-4960-4D20-993E-3B78719E18A2}.Release|Any CPU.Build.0 = Release|Any CPU
		{B08F0AE6-8C8F-414A-A226-3C2B3A655236}.Debug|Any CPU.ActiveCfg = Debug|Any CPU
		{B08F0AE6-8C8F-414A-A226-3C2B3A655236}.Debug|Any CPU.Build.0 = Debug|Any CPU
		{B08F0AE6-8C8F-414A-A226-3C2B3A655236}.Release|Any CPU.ActiveCfg = Release|Any CPU
		{B08F0AE6-8C8F-414A-A226-3C2B3A655236}.Release|Any CPU.Build.0 = Release|Any CPU
	EndGlobalSection
	GlobalSection(SolutionProperties) = preSolution
		HideSolutionNode = FALSE
	EndGlobalSection
	GlobalSection(ExtensibilityGlobals) = postSolution
		SolutionGuid = {630D7CC8-4CFE-4B5C-90DA-19E5CDDF9F8E}
	EndGlobalSection
EndGlobal
